<?xml version="1.0" encoding="utf-8"?>
<Project ToolsVersion="4.0" xmlns="http://schemas.microsoft.com/developer/msbuild/2003">
  <ItemGroup>
    <Filter Include="Archivos de origen">
      <UniqueIdentifier>{4FC737F1-C7A5-4376-A066-2A32D752A2FF}</UniqueIdentifier>
      <Extensions>cpp;c;cc;cxx;c++;cppm;ixx;def;odl;idl;hpj;bat;asm;asmx</Extensions>
    </Filter>
    <Filter Include="Archivos de encabezado">
      <UniqueIdentifier>{93995380-89BD-4b04-88EB-625FBE52EBFB}</UniqueIdentifier>
      <Extensions>h;hh;hpp;hxx;h++;hm;inl;inc;ipp;xsd</Extensions>
    </Filter>
    <Filter Include="Archivos de recursos">
      <UniqueIdentifier>{67DA6AB6-F800-4c08-8B7A-83BB121AAD01}</UniqueIdentifier>
      <Extensions>rc;ico;cur;bmp;dlg;rc2;rct;bin;rgs;gif;jpg;jpeg;jpe;resx;tiff;tif;png;wav;mfcribbon-ms</Extensions>
    </Filter>
    <Filter Include="Archivos de encabezado\horse">
      <UniqueIdentifier>{dc1ed9bf-5efb-4741-8717-bae8959d59d1}</UniqueIdentifier>
    </Filter>
    <Filter Include="Archivos de encabezado\nqueens">
      <UniqueIdentifier>{e1eb1ef7-4146-4e53-a044-b80b9702d418}</UniqueIdentifier>
    </Filter>
    <Filter Include="Archivos de encabezado\puzzle">
      <UniqueIdentifier>{ddf1344a-e9c8-4736-9f94-c512be9a326a}</UniqueIdentifier>
    </Filter>
  </ItemGroup>
  <ItemGroup>
    <ClInclude Include="horse_1.h">
      <Filter>Archivos de encabezado\horse</Filter>
    </ClInclude>
    <ClInclude Include="horse_2.h">
      <Filter>Archivos de encabezado\horse</Filter>
    </ClInclude>
    <ClInclude Include="horse_3.h">
      <Filter>Archivos de encabezado\horse</Filter>
    </ClInclude>
    <ClInclude Include="puzzle_1.h">
      <Filter>Archivos de encabezado\puzzle</Filter>
    </ClInclude>
    <ClInclude Include="puzzle_3.h">
      <Filter>Archivos de encabezado\puzzle</Filter>
    </ClInclude>
    <ClInclude Include="puzzle_2.h">
      <Filter>Archivos de encabezado\puzzle</Filter>
    </ClInclude>
    <ClInclude Include="nqueens_1.h">
      <Filter>Archivos de encabezado\nqueens</Filter>
    </ClInclude>
    <ClInclude Include="nqueens_2.h">
      <Filter>Archivos de encabezado\nqueens</Filter>
    </ClInclude>
    <ClInclude Include="nqueens_3.h">
      <Filter>Archivos de encabezado\nqueens</Filter>
    </ClInclude>
    <ClInclude Include="horse.h">
      <Filter>Archivos de encabezado</Filter>
    </ClInclude>
    <ClInclude Include="nqueens.h">
      <Filter>Archivos de encabezado</Filter>
    </ClInclude>
    <ClInclude Include="puzzle.h">
      <Filter>Archivos de encabezado</Filter>
    </ClInclude>
  </ItemGroup>
  <ItemGroup>
    <ClCompile Include="main.cpp">
      <Filter>Archivos de origen</Filter>
    </ClCompile>
  </ItemGroup>
</Project>